
Microsoft Visual Studio Solution File, Format Version 12.00
# Visual Studio 15
VisualStudioVersion = 15.0.28307.779
MinimumVisualStudioVersion = 10.0.40219.1
Project("{FAE04EC0-301F-11D3-BF4B-00C04F79EFBC}") = "aoAdminFramework", "aoAdminFramework\aoAdminFramework.csproj", "{BC682012-AFBD-4A22-BEC8-E9CACBE8B7D6}"
EndProject
Global
	GlobalSection(SolutionConfigurationPlatforms) = preSolution
		Debug|Any CPU = Debug|Any CPU
		Release|Any CPU = Release|Any CPU
	EndGlobalSection
	GlobalSection(ProjectConfigurationPlatforms) = postSolution
		{BC682012-AFBD-4A22-BEC8-E9CACBE8B7D6}.Debug|Any CPU.ActiveCfg = Debug|Any CPU
		{BC682012-AFBD-4A22-BEC8-E9CACBE8B7D6}.Debug|Any CPU.Build.0 = Debug|Any CPU
		{BC682012-AFBD-4A22-BEC8-E9CACBE8B7D6}.Release|Any CPU.ActiveCfg = Release|Any CPU
		{BC682012-AFBD-4A22-BEC8-E9CACBE8B7D6}.Release|Any CPU.Build.0 = Release|Any CPU
	EndGlobalSection
	GlobalSection(SolutionProperties) = preSolution
		HideSolutionNode = FALSE
	EndGlobalSection
	GlobalSection(ExtensibilityGlobals) = postSolution
		BuildVersion_AssemblyInfoFilename = aoAdminFramework\Properties\AssemblyInfo.cs
		BuildVersion_UseGlobalSettings = True
		SolutionGuid = {08EF28E0-0640-466A-8A81-0FDF96F9223E}
	EndGlobalSection
EndGlobal
